
Microsoft Visual Studio Solution File, Format Version 12.00
# Visual Studio 15
VisualStudioVersion = 15.0.26430.6
MinimumVisualStudioVersion = 10.0.40219.1
Project("{FAE04EC0-301F-11D3-BF4B-00C04F79EFBC}") = "WCF.Contract", "WCF.Contract\WCF.Contract.csproj", "{965E3544-4F53-4CCA-A194-C132C171D130}"
EndProject
Project("{FAE04EC0-301F-11D3-BF4B-00C04F79EFBC}") = "WCF.Contract.Tests", "WCF.Contract.Tests\WCF.Contract.Tests.csproj", "{B9ECB9E0-3D20-4C6D-B6E7-7DC8A25080A2}"
EndProject
Project("{2150E333-8FDC-42A3-9474-1A3956D46DE8}") = "Misc", "Misc", "{51700B9E-7B11-4C92-A352-3D76C4CAFA01}"
	ProjectSection(SolutionItems) = preProject
		.gitignore = .gitignore
		README.md = README.md
	EndProjectSection
EndProject
Global
	GlobalSection(SolutionConfigurationPlatforms) = preSolution
		Debug|Any CPU = Debug|Any CPU
		Release|Any CPU = Release|Any CPU
	EndGlobalSection
	GlobalSection(ProjectConfigurationPlatforms) = postSolution
		{965E3544-4F53-4CCA-A194-C132C171D130}.Debug|Any CPU.ActiveCfg = Debug|Any CPU
		{965E3544-4F53-4CCA-A194-C132C171D130}.Debug|Any CPU.Build.0 = Debug|Any CPU
		{965E3544-4F53-4CCA-A194-C132C171D130}.Release|Any CPU.ActiveCfg = Release|Any CPU
		{965E3544-4F53-4CCA-A194-C132C171D130}.Release|Any CPU.Build.0 = Release|Any CPU
		{B9ECB9E0-3D20-4C6D-B6E7-7DC8A25080A2}.Debug|Any CPU.ActiveCfg = Debug|Any CPU
		{B9ECB9E0-3D20-4C6D-B6E7-7DC8A25080A2}.Debug|Any CPU.Build.0 = Debug|Any CPU
		{B9ECB9E0-3D20-4C6D-B6E7-7DC8A25080A2}.Release|Any CPU.ActiveCfg = Release|Any CPU
		{B9ECB9E0-3D20-4C6D-B6E7-7DC8A25080A2}.Release|Any CPU.Build.0 = Release|Any CPU
	EndGlobalSection
	GlobalSection(SolutionProperties) = preSolution
		HideSolutionNode = FALSE
	EndGlobalSection
EndGlobal
